
Microsoft Visual Studio Solution File, Format Version 12.00
# Visual Studio 15
VisualStudioVersion = 15.0.27130.2027
MinimumVisualStudioVersion = 10.0.40219.1
Project("{FAE04EC0-301F-11D3-BF4B-00C04F79EFBC}") = "UserControl.Android", "UserControl\UserControl.Android\UserControl.Android.csproj", "{8D4B350B-EEF2-4BA3-B39B-C28586694276}"
EndProject
Project("{FAE04EC0-301F-11D3-BF4B-00C04F79EFBC}") = "UserControl.iOS", "UserControl\UserControl.iOS\UserControl.iOS.csproj", "{5F66D127-6AC8-4BB4-9AEF-128F70643E45}"
EndProject
Project("{FAE04EC0-301F-11D3-BF4B-00C04F79EFBC}") = "UserControl.UWP", "UserControl\UserControl.UWP\UserControl.UWP.csproj", "{A1E09CFD-B343-4496-BB25-76E1CC438C8E}"
EndProject
Project("{FAE04EC0-301F-11D3-BF4B-00C04F79EFBC}") = "UserControl", "UserControl\UserControl\UserControl.csproj", "{2F6008CF-EF3C-48A8-A2DF-AD3EB0FEDA94}"
EndProject
Global
	GlobalSection(SolutionConfigurationPlatforms) = preSolution
		Ad-Hoc|Any CPU = Ad-Hoc|Any CPU
		Ad-Hoc|ARM = Ad-Hoc|ARM
		Ad-Hoc|iPhone = Ad-Hoc|iPhone
		Ad-Hoc|iPhoneSimulator = Ad-Hoc|iPhoneSimulator
		Ad-Hoc|x64 = Ad-Hoc|x64
		Ad-Hoc|x86 = Ad-Hoc|x86
		AppStore|Any CPU = AppStore|Any CPU
		AppStore|ARM = AppStore|ARM
		AppStore|iPhone = AppStore|iPhone
		AppStore|iPhoneSimulator = AppStore|iPhoneSimulator
		AppStore|x64 = AppStore|x64
		AppStore|x86 = AppStore|x86
		Debug|Any CPU = Debug|Any CPU
		Debug|ARM = Debug|ARM
		Debug|iPhone = Debug|iPhone
		Debug|iPhoneSimulator = Debug|iPhoneSimulator
		Debug|x64 = Debug|x64
		Debug|x86 = Debug|x86
		Release|Any CPU = Release|Any CPU
		Release|ARM = Release|ARM
		Release|iPhone = Release|iPhone
		Release|iPhoneSimulator = Release|iPhoneSimulator
		Release|x64 = Release|x64
		Release|x86 = Release|x86
	EndGlobalSection
	GlobalSection(ProjectConfigurationPlatforms) = postSolution
		{8D4B350B-EEF2-4BA3-B39B-C28586694276}.Ad-Hoc|Any CPU.ActiveCfg = Release|Any CPU
		{8D4B350B-EEF2-4BA3-B39B-C28586694276}.Ad-Hoc|Any CPU.Build.0 = Release|Any CPU
		{8D4B350B-EEF2-4BA3-B39B-C28586694276}.Ad-Hoc|Any CPU.Deploy.0 = Release|Any CPU
		{8D4B350B-EEF2-4BA3-B39B-C28586694276}.Ad-Hoc|ARM.ActiveCfg = Release|Any CPU
		{8D4B350B-EEF2-4BA3-B39B-C28586694276}.Ad-Hoc|ARM.Build.0 = Release|Any CPU
		{8D4B350B-EEF2-4BA3-B39B-C28586694276}.Ad-Hoc|ARM.Deploy.0 = Release|Any CPU
		{8D4B350B-EEF2-4BA3-B39B-C28586694276}.Ad-Hoc|iPhone.ActiveCfg = Release|Any CPU
		{8D4B350B-EEF2-4BA3-B39B-C28586694276}.Ad-Hoc|iPhone.Build.0 = Release|Any CPU
		{8D4B350B-EEF2-4BA3-B39B-C28586694276}.Ad-Hoc|iPhone.Deploy.0 = Release|Any CPU
		{8D4B350B-EEF2-4BA3-B39B-C28586694276}.Ad-Hoc|iPhoneSimulator.ActiveCfg = Release|Any CPU
		{8D4B350B-EEF2-4BA3-B39B-C28586694276}.Ad-Hoc|iPhoneSimulator.Build.0 = Release|Any CPU
		{8D4B350B-EEF2-4BA3-B39B-C28586694276}.Ad-Hoc|iPhoneSimulator.Deploy.0 = Release|Any CPU
		{8D4B350B-EEF2-4BA3-B39B-C28586694276}.Ad-Hoc|x64.ActiveCfg = Release|Any CPU
		{8D4B350B-EEF2-4BA3-B39B-C28586694276}.Ad-Hoc|x64.Build.0 = Release|Any CPU
		{8D4B350B-EEF2-4BA3-B39B-C28586694276}.Ad-Hoc|x64.Deploy.0 = Release|Any CPU
		{8D4B350B-EEF2-4BA3-B39B-C28586694276}.Ad-Hoc|x86.ActiveCfg = Release|Any CPU
		{8D4B350B-EEF2-4BA3-B39B-C28586694276}.Ad-Hoc|x86.Build.0 = Release|Any CPU
		{8D4B350B-EEF2-4BA3-B39B-C28586694276}.Ad-Hoc|x86.Deploy.0 = Release|Any CPU
		{8D4B350B-EEF2-4BA3-B39B-C28586694276}.AppStore|Any CPU.ActiveCfg = Release|Any CPU
		{8D4B350B-EEF2-4BA3-B39B-C28586694276}.AppStore|Any CPU.Build.0 = Release|Any CPU
		{8D4B350B-EEF2-4BA3-B39B-C28586694276}.AppStore|Any CPU.Deploy.0 = Release|Any CPU
		{8D4B350B-EEF2-4BA3-B39B-C28586694276}.AppStore|ARM.ActiveCfg = Release|Any CPU
		{8D4B350B-EEF2-4BA3-B39B-C28586694276}.AppStore|ARM.Build.0 = Release|Any CPU
		{8D4B350B-EEF2-4BA3-B39B-C28586694276}.AppStore|ARM.Deploy.0 = Release|Any CPU
		{8D4B350B-EEF2-4BA3-B39B-C28586694276}.AppStore|iPhone.ActiveCfg = Release|Any CPU
		{8D4B350B-EEF2-4BA3-B39B-C28586694276}.AppStore|iPhone.Build.0 = Release|Any CPU
		{8D4B350B-EEF2-4BA3-B39B-C28586694276}.AppStore|iPhone.Deploy.0 = Release|Any CPU
		{8D4B350B-EEF2-4BA3-B39B-C28586694276}.AppStore|iPhoneSimulator.ActiveCfg = Release|Any CPU
		{8D4B350B-EEF2-4BA3-B39B-C28586694276}.AppStore|iPhoneSimulator.Build.0 = Release|Any CPU
		{8D4B350B-EEF2-4BA3-B39B-C28586694276}.AppStore|iPhoneSimulator.Deploy.0 = Release|Any CPU
		{8D4B350B-EEF2-4BA3-B39B-C28586694276}.AppStore|x64.ActiveCfg = Release|Any CPU
		{8D4B350B-EEF2-4BA3-B39B-C28586694276}.AppStore|x64.Build.0 = Release|Any CPU
		{8D4B350B-EEF2-4BA3-B39B-C28586694276}.AppStore|x64.Deploy.0 = Release|Any CPU
		{8D4B350B-EEF2-4BA3-B39B-C28586694276}.AppStore|x86.ActiveCfg = Release|Any CPU
		{8D4B350B-EEF2-4BA3-B39B-C28586694276}.AppStore|x86.Build.0 = Release|Any CPU
		{8D4B350B-EEF2-4BA3-B39B-C28586694276}.AppStore|x86.Deploy.0 = Release|Any CPU
		{8D4B350B-EEF2-4BA3-B39B-C28586694276}.Debug|Any CPU.ActiveCfg = Debug|Any CPU
		{8D4B350B-EEF2-4BA3-B39B-C28586694276}.Debug|Any CPU.Build.0 = Debug|Any CPU
		{8D4B350B-EEF2-4BA3-B39B-C28586694276}.Debug|Any CPU.Deploy.0 = Debug|Any CPU
		{8D4B350B-EEF2-4BA3-B39B-C28586694276}.Debug|ARM.ActiveCfg = Debug|Any CPU
		{8D4B350B-EEF2-4BA3-B39B-C28586694276}.Debug|ARM.Build.0 = Debug|Any CPU
		{8D4B350B-EEF2-4BA3-B39B-C28586694276}.Debug|ARM.Deploy.0 = Debug|Any CPU
		{8D4B350B-EEF2-4BA3-B39B-C28586694276}.Debug|iPhone.ActiveCfg = Debug|Any CPU
		{8D4B350B-EEF2-4BA3-B39B-C28586694276}.Debug|iPhone.Build.0 = Debug|Any CPU
		{8D4B350B-EEF2-4BA3-B39B-C28586694276}.Debug|iPhone.Deploy.0 = Debug|Any CPU
		{8D4B350B-EEF2-4BA3-B39B-C28586694276}.Debug|iPhoneSimulator.ActiveCfg = Debug|Any CPU
		{8D4B350B-EEF2-4BA3-B39B-C28586694276}.Debug|iPhoneSimulator.Build.0 = Debug|Any CPU
		{8D4B350B-EEF2-4BA3-B39B-C28586694276}.Debug|iPhoneSimulator.Deploy.0 = Debug|Any CPU
		{8D4B350B-EEF2-4BA3-B39B-C28586694276}.Debug|x64.ActiveCfg = Debug|Any CPU
		{8D4B350B-EEF2-4BA3-B39B-C28586694276}.Debug|x64.Build.0 = Debug|Any CPU
		{8D4B350B-EEF2-4BA3-B39B-C28586694276}.Debug|x64.Deploy.0 = Debug|Any CPU
		{8D4B350B-EEF2-4BA3-B39B-C28586694276}.Debug|x86.ActiveCfg = Debug|Any CPU
		{8D4B350B-EEF2-4BA3-B39B-C28586694276}.Debug|x86.Build.0 = Debug|Any CPU
		{8D4B350B-EEF2-4BA3-B39B-C28586694276}.Debug|x86.Deploy.0 = Debug|Any CPU
		{8D4B350B-EEF2-4BA3-B39B-C28586694276}.Release|Any CPU.ActiveCfg = Release|Any CPU
		{8D4B350B-EEF2-4BA3-B39B-C28586694276}.Release|Any CPU.Build.0 = Release|Any CPU
		{8D4B350B-EEF2-4BA3-B39B-C28586694276}.Release|Any CPU.Deploy.0 = Release|Any CPU
		{8D4B350B-EEF2-4BA3-B39B-C28586694276}.Release|ARM.ActiveCfg = Release|Any CPU
		{8D4B350B-EEF2-4BA3-B39B-C28586694276}.Release|ARM.Build.0 = Release|Any CPU
		{8D4B350B-EEF2-4BA3-B39B-C28586694276}.Release|ARM.Deploy.0 = Release|Any CPU
		{8D4B350B-EEF2-4BA3-B39B-C28586694276}.Release|iPhone.ActiveCfg = Release|Any CPU
		{8D4B350B-EEF2-4BA3-B39B-C28586694276}.Release|iPhone.Build.0 = Release|Any CPU
		{8D4B350B-EEF2-4BA3-B39B-C28586694276}.Release|iPhone.Deploy.0 = Release|Any CPU
		{8D4B350B-EEF2-4BA3-B39B-C28586694276}.Release|iPhoneSimulator.ActiveCfg = Release|Any CPU
		{8D4B350B-EEF2-4BA3-B39B-C28586694276}.Release|iPhoneSimulator.Build.0 = Release|Any CPU
		{8D4B350B-EEF2-4BA3-B39B-C28586694276}.Release|iPhoneSimulator.Deploy.0 = Release|Any CPU
		{8D4B350B-EEF2-4BA3-B39B-C28586694276}.Release|x64.ActiveCfg = Release|Any CPU
		{8D4B350B-EEF2-4BA3-B39B-C28586694276}.Release|x64.Build.0 = Release|Any CPU
		{8D4B350B-EEF2-4BA3-B39B-C28586694276}.Release|x64.Deploy.0 = Release|Any CPU
		{8D4B350B-EEF2-4BA3-B39B-C28586694276}.Release|x86.ActiveCfg = Release|Any CPU
		{8D4B350B-EEF2-4BA3-B39B-C28586694276}.Release|x86.Build.0 = Release|Any CPU
		{8D4B350B-EEF2-4BA3-B39B-C28586694276}.Release|x86.Deploy.0 = Release|Any CPU
		{5F66D127-6AC8-4BB4-9AEF-128F70643E45}.Ad-Hoc|Any CPU.ActiveCfg = Ad-Hoc|iPhone
		{5F66D127-6AC8-4BB4-9AEF-128F70643E45}.Ad-Hoc|ARM.ActiveCfg = Ad-Hoc|iPhone
		{5F66D127-6AC8-4BB4-9AEF-128F70643E45}.Ad-Hoc|iPhone.ActiveCfg = Ad-Hoc|iPhone
		{5F66D127-6AC8-4BB4-9AEF-128F70643E45}.Ad-Hoc|iPhone.Build.0 = Ad-Hoc|iPhone
		{5F66D127-6AC8-4BB4-9AEF-128F70643E45}.Ad-Hoc|iPhoneSimulator.ActiveCfg = Ad-Hoc|iPhoneSimulator
		{5F66D127-6AC8-4BB4-9AEF-128F70643E45}.Ad-Hoc|iPhoneSimulator.Build.0 = Ad-Hoc|iPhoneSimulator
		{5F66D127-6AC8-4BB4-9AEF-128F70643E45}.Ad-Hoc|x64.ActiveCfg = Ad-Hoc|iPhone
		{5F66D127-6AC8-4BB4-9AEF-128F70643E45}.Ad-Hoc|x86.ActiveCfg = Ad-Hoc|iPhone
		{5F66D127-6AC8-4BB4-9AEF-128F70643E45}.AppStore|Any CPU.ActiveCfg = AppStore|iPhone
		{5F66D127-6AC8-4BB4-9AEF-128F70643E45}.AppStore|ARM.ActiveCfg = AppStore|iPhone
		{5F66D127-6AC8-4BB4-9AEF-128F70643E45}.AppStore|iPhone.ActiveCfg = AppStore|iPhone
		{5F66D127-6AC8-4BB4-9AEF-128F70643E45}.AppStore|iPhone.Build.0 = AppStore|iPhone
		{5F66D127-6AC8-4BB4-9AEF-128F70643E45}.AppStore|iPhoneSimulator.ActiveCfg = AppStore|iPhoneSimulator
		{5F66D127-6AC8-4BB4-9AEF-128F70643E45}.AppStore|iPhoneSimulator.Build.0 = AppStore|iPhoneSimulator
		{5F66D127-6AC8-4BB4-9AEF-128F70643E45}.AppStore|x64.ActiveCfg = AppStore|iPhone
		{5F66D127-6AC8-4BB4-9AEF-128F70643E45}.AppStore|x86.ActiveCfg = AppStore|iPhone
		{5F66D127-6AC8-4BB4-9AEF-128F70643E45}.Debug|Any CPU.ActiveCfg = Debug|iPhone
		{5F66D127-6AC8-4BB4-9AEF-128F70643E45}.Debug|ARM.ActiveCfg = Debug|iPhone
		{5F66D127-6AC8-4BB4-9AEF-128F70643E45}.Debug|iPhone.ActiveCfg = Debug|iPhone
		{5F66D127-6AC8-4BB4-9AEF-128F70643E45}.Debug|iPhone.Build.0 = Debug|iPhone
		{5F66D127-6AC8-4BB4-9AEF-128F70643E45}.Debug|iPhoneSimulator.ActiveCfg = Debug|iPhoneSimulator
		{5F66D127-6AC8-4BB4-9AEF-128F70643E45}.Debug|iPhoneSimulator.Build.0 = Debug|iPhoneSimulator
		{5F66D127-6AC8-4BB4-9AEF-128F70643E45}.Debug|x64.ActiveCfg = Debug|iPhone
		{5F66D127-6AC8-4BB4-9AEF-128F70643E45}.Debug|x86.ActiveCfg = Debug|iPhone
		{5F66D127-6AC8-4BB4-9AEF-128F70643E45}.Release|Any CPU.ActiveCfg = Release|iPhone
		{5F66D127-6AC8-4BB4-9AEF-128F70643E45}.Release|ARM.ActiveCfg = Release|iPhone
		{5F66D127-6AC8-4BB4-9AEF-128F70643E45}.Release|iPhone.ActiveCfg = Release|iPhone
		{5F66D127-6AC8-4BB4-9AEF-128F70643E45}.Release|iPhone.Build.0 = Release|iPhone
		{5F66D127-6AC8-4BB4-9AEF-128F70643E45}.Release|iPhoneSimulator.ActiveCfg = Release|iPhoneSimulator
		{5F66D127-6AC8-4BB4-9AEF-128F70643E45}.Release|iPhoneSimulator.Build.0 = Release|iPhoneSimulator
		{5F66D127-6AC8-4BB4-9AEF-128F70643E45}.Release|x64.ActiveCfg = Release|iPhone
		{5F66D127-6AC8-4BB4-9AEF-128F70643E45}.Release|x86.ActiveCfg = Release|iPhone
		{A1E09CFD-B343-4496-BB25-76E1CC438C8E}.Ad-Hoc|Any CPU.ActiveCfg = Release|x86
		{A1E09CFD-B343-4496-BB25-76E1CC438C8E}.Ad-Hoc|Any CPU.Build.0 = Release|x86
		{A1E09CFD-B343-4496-BB25-76E1CC438C8E}.Ad-Hoc|Any CPU.Deploy.0 = Release|x86
		{A1E09CFD-B343-4496-BB25-76E1CC438C8E}.Ad-Hoc|ARM.ActiveCfg = Release|ARM
		{A1E09CFD-B343-4496-BB25-76E1CC438C8E}.Ad-Hoc|ARM.Build.0 = Release|ARM
		{A1E09CFD-B343-4496-BB25-76E1CC438C8E}.Ad-Hoc|ARM.Deploy.0 = Release|ARM
		{A1E09CFD-B343-4496-BB25-76E1CC438C8E}.Ad-Hoc|iPhone.ActiveCfg = Release|x86
		{A1E09CFD-B343-4496-BB25-76E1CC438C8E}.Ad-Hoc|iPhone.Build.0 = Release|x86
		{A1E09CFD-B343-4496-BB25-76E1CC438C8E}.Ad-Hoc|iPhone.Deploy.0 = Release|x86
		{A1E09CFD-B343-4496-BB25-76E1CC438C8E}.Ad-Hoc|iPhoneSimulator.ActiveCfg = Release|x86
		{A1E09CFD-B343-4496-BB25-76E1CC438C8E}.Ad-Hoc|iPhoneSimulator.Build.0 = Release|x86
		{A1E09CFD-B343-4496-BB25-76E1CC438C8E}.Ad-Hoc|iPhoneSimulator.Deploy.0 = Release|x86
		{A1E09CFD-B343-4496-BB25-76E1CC438C8E}.Ad-Hoc|x64.ActiveCfg = Release|x64
		{A1E09CFD-B343-4496-BB25-76E1CC438C8E}.Ad-Hoc|x64.Build.0 = Release|x64
		{A1E09CFD-B343-4496-BB25-76E1CC438C8E}.Ad-Hoc|x64.Deploy.0 = Release|x64
		{A1E09CFD-B343-4496-BB25-76E1CC438C8E}.Ad-Hoc|x86.ActiveCfg = Release|x86
		{A1E09CFD-B343-4496-BB25-76E1CC438C8E}.Ad-Hoc|x86.Build.0 = Release|x86
		{A1E09CFD-B343-4496-BB25-76E1CC438C8E}.Ad-Hoc|x86.Deploy.0 = Release|x86
		{A1E09CFD-B343-4496-BB25-76E1CC438C8E}.AppStore|Any CPU.ActiveCfg = Release|x86
		{A1E09CFD-B343-4496-BB25-76E1CC438C8E}.AppStore|Any CPU.Build.0 = Release|x86
		{A1E09CFD-B343-4496-BB25-76E1CC438C8E}.AppStore|Any CPU.Deploy.0 = Release|x86
		{A1E09CFD-B343-4496-BB25-76E1CC438C8E}.AppStore|ARM.ActiveCfg = Release|ARM
		{A1E09CFD-B343-4496-BB25-76E1CC438C8E}.AppStore|ARM.Build.0 = Release|ARM
		{A1E09CFD-B343-4496-BB25-76E1CC438C8E}.AppStore|ARM.Deploy.0 = Release|ARM
		{A1E09CFD-B343-4496-BB25-76E1CC438C8E}.AppStore|iPhone.ActiveCfg = Release|x86
		{A1E09CFD-B343-4496-BB25-76E1CC438C8E}.AppStore|iPhone.Build.0 = Release|x86
		{A1E09CFD-B343-4496-BB25-76E1CC438C8E}.AppStore|iPhone.Deploy.0 = Release|x86
		{A1E09CFD-B343-4496-BB25-76E1CC438C8E}.AppStore|iPhoneSimulator.ActiveCfg = Release|x86
		{A1E09CFD-B343-4496-BB25-76E1CC438C8E}.AppStore|iPhoneSimulator.Build.0 = Release|x86
		{A1E09CFD-B343-4496-BB25-76E1CC438C8E}.AppStore|iPhoneSimulator.Deploy.0 = Release|x86
		{A1E09CFD-B343-4496-BB25-76E1CC438C8E}.AppStore|x64.ActiveCfg = Release|x64
		{A1E09CFD-B343-4496-BB25-76E1CC438C8E}.AppStore|x64.Build.0 = Release|x64
		{A1E09CFD-B343-4496-BB25-76E1CC438C8E}.AppStore|x64.Deploy.0 = Release|x64
		{A1E09CFD-B343-4496-BB25-76E1CC438C8E}.AppStore|x86.ActiveCfg = Release|x86
		{A1E09CFD-B343-4496-BB25-76E1CC438C8E}.AppStore|x86.Build.0 = Release|x86
		{A1E09CFD-B343-4496-BB25-76E1CC438C8E}.AppStore|x86.Deploy.0 = Release|x86
		{A1E09CFD-B343-4496-BB25-76E1CC438C8E}.Debug|Any CPU.ActiveCfg = Debug|x86
		{A1E09CFD-B343-4496-BB25-76E1CC438C8E}.Debug|ARM.ActiveCfg = Debug|ARM
		{A1E09CFD-B343-4496-BB25-76E1CC438C8E}.Debug|ARM.Build.0 = Debug|ARM
		{A1E09CFD-B343-4496-BB25-76E1CC438C8E}.Debug|ARM.Deploy.0 = Debug|ARM
		{A1E09CFD-B343-4496-BB25-76E1CC438C8E}.Debug|iPhone.ActiveCfg = Debug|x86
		{A1E09CFD-B343-4496-BB25-76E1CC438C8E}.Debug|iPhoneSimulator.ActiveCfg = Debug|x86
		{A1E09CFD-B343-4496-BB25-76E1CC438C8E}.Debug|x64.ActiveCfg = Debug|x64
		{A1E09CFD-B343-4496-BB25-76E1CC438C8E}.Debug|x64.Build.0 = Debug|x64
		{A1E09CFD-B343-4496-BB25-76E1CC438C8E}.Debug|x64.Deploy.0 = Debug|x64
		{A1E09CFD-B343-4496-BB25-76E1CC438C8E}.Debug|x86.ActiveCfg = Debug|x86
		{A1E09CFD-B343-4496-BB25-76E1CC438C8E}.Debug|x86.Build.0 = Debug|x86
		{A1E09CFD-B343-4496-BB25-76E1CC438C8E}.Debug|x86.Deploy.0 = Debug|x86
		{A1E09CFD-B343-4496-BB25-76E1CC438C8E}.Release|Any CPU.ActiveCfg = Release|x86
		{A1E09CFD-B343-4496-BB25-76E1CC438C8E}.Release|ARM.ActiveCfg = Release|ARM
		{A1E09CFD-B343-4496-BB25-76E1CC438C8E}.Release|ARM.Build.0 = Release|ARM
		{A1E09CFD-B343-4496-BB25-76E1CC438C8E}.Release|ARM.Deploy.0 = Release|ARM
		{A1E09CFD-B343-4496-BB25-76E1CC438C8E}.Release|iPhone.ActiveCfg = Release|x86
		{A1E09CFD-B343-4496-BB25-76E1CC438C8E}.Release|iPhoneSimulator.ActiveCfg = Release|x86
		{A1E09CFD-B343-4496-BB25-76E1CC438C8E}.Release|x64.ActiveCfg = Release|x64
		{A1E09CFD-B343-4496-BB25-76E1CC438C8E}.Release|x64.Build.0 = Release|x64
		{A1E09CFD-B343-4496-BB25-76E1CC438C8E}.Release|x64.Deploy.0 = Release|x64
		{A1E09CFD-B343-4496-BB25-76E1CC438C8E}.Release|x86.ActiveCfg = Release|x86
		{A1E09CFD-B343-4496-BB25-76E1CC438C8E}.Release|x86.Build.0 = Release|x86
		{A1E09CFD-B343-4496-BB25-76E1CC438C8E}.Release|x86.Deploy.0 = Release|x86
		{2F6008CF-EF3C-48A8-A2DF-AD3EB0FEDA94}.Ad-Hoc|Any CPU.ActiveCfg = Debug|Any CPU
		{2F6008CF-EF3C-48A8-A2DF-AD3EB0FEDA94}.Ad-Hoc|Any CPU.Build.0 = Debug|Any CPU
		{2F6008CF-EF3C-48A8-A2DF-AD3EB0FEDA94}.Ad-Hoc|ARM.ActiveCfg = Debug|Any CPU
		{2F6008CF-EF3C-48A8-A2DF-AD3EB0FEDA94}.Ad-Hoc|ARM.Build.0 = Debug|Any CPU
		{2F6008CF-EF3C-48A8-A2DF-AD3EB0FEDA94}.Ad-Hoc|iPhone.ActiveCfg = Debug|Any CPU
		{2F6008CF-EF3C-48A8-A2DF-AD3EB0FEDA94}.Ad-Hoc|iPhone.Build.0 = Debug|Any CPU
		{2F6008CF-EF3C-48A8-A2DF-AD3EB0FEDA94}.Ad-Hoc|iPhoneSimulator.ActiveCfg = Debug|Any CPU
		{2F6008CF-EF3C-48A8-A2DF-AD3EB0FEDA94}.Ad-Hoc|iPhoneSimulator.Build.0 = Debug|Any CPU
		{2F6008CF-EF3C-48A8-A2DF-AD3EB0FEDA94}.Ad-Hoc|x64.ActiveCfg = Debug|Any CPU
		{2F6008CF-EF3C-48A8-A2DF-AD3EB0FEDA94}.Ad-Hoc|x64.Build.0 = Debug|Any CPU
		{2F6008CF-EF3C-48A8-A2DF-AD3EB0FEDA94}.Ad-Hoc|x86.ActiveCfg = Debug|Any CPU
		{2F6008CF-EF3C-48A8-A2DF-AD3EB0FEDA94}.Ad-Hoc|x86.Build.0 = Debug|Any CPU
		{2F6008CF-EF3C-48A8-A2DF-AD3EB0FEDA94}.AppStore|Any CPU.ActiveCfg = Debug|Any CPU
		{2F6008CF-EF3C-48A8-A2DF-AD3EB0FEDA94}.AppStore|Any CPU.Build.0 = Debug|Any CPU
		{2F6008CF-EF3C-48A8-A2DF-AD3EB0FEDA94}.AppStore|ARM.ActiveCfg = Debug|Any CPU
		{2F6008CF-EF3C-48A8-A2DF-AD3EB0FEDA94}.AppStore|ARM.Build.0 = Debug|Any CPU
		{2F6008CF-EF3C-48A8-A2DF-AD3EB0FEDA94}.AppStore|iPhone.ActiveCfg = Debug|Any CPU
		{2F6008CF-EF3C-48A8-A2DF-AD3EB0FEDA94}.AppStore|iPhone.Build.0 = Debug|Any CPU
		{2F6008CF-EF3C-48A8-A2DF-AD3EB0FEDA94}.AppStore|iPhoneSimulator.ActiveCfg = Debug|Any CPU
		{2F6008CF-EF3C-48A8-A2DF-AD3EB0FEDA94}.AppStore|iPhoneSimulator.Build.0 = Debug|Any CPU
		{2F6008CF-EF3C-48A8-A2DF-AD3EB0FEDA94}.AppStore|x64.ActiveCfg = Debug|Any CPU
		{2F6008CF-EF3C-48A8-A2DF-AD3EB0FEDA94}.AppStore|x64.Build.0 = Debug|Any CPU
		{2F6008CF-EF3C-48A8-A2DF-AD3EB0FEDA94}.AppStore|x86.ActiveCfg = Debug|Any CPU
		{2F6008CF-EF3C-48A8-A2DF-AD3EB0FEDA94}.AppStore|x86.Build.0 = Debug|Any CPU
		{2F6008CF-EF3C-48A8-A2DF-AD3EB0FEDA94}.Debug|Any CPU.ActiveCfg = Debug|Any CPU
		{2F6008CF-EF3C-48A8-A2DF-AD3EB0FEDA94}.Debug|Any CPU.Build.0 = Debug|Any CPU
		{2F6008CF-EF3C-48A8-A2DF-AD3EB0FEDA94}.Debug|ARM.ActiveCfg = Debug|Any CPU
		{2F6008CF-EF3C-48A8-A2DF-AD3EB0FEDA94}.Debug|ARM.Build.0 = Debug|Any CPU
		{2F6008CF-EF3C-48A8-A2DF-AD3EB0FEDA94}.Debug|iPhone.ActiveCfg = Debug|Any CPU
		{2F6008CF-EF3C-48A8-A2DF-AD3EB0FEDA94}.Debug|iPhone.Build.0 = Debug|Any CPU
		{2F6008CF-EF3C-48A8-A2DF-AD3EB0FEDA94}.Debug|iPhoneSimulator.ActiveCfg = Debug|Any CPU
		{2F6008CF-EF3C-48A8-A2DF-AD3EB0FEDA94}.Debug|iPhoneSimulator.Build.0 = Debug|Any CPU
		{2F6008CF-EF3C-48A8-A2DF-AD3EB0FEDA94}.Debug|x64.ActiveCfg = Debug|Any CPU
		{2F6008CF-EF3C-48A8-A2DF-AD3EB0FEDA94}.Debug|x64.Build.0 = Debug|Any CPU
		{2F6008CF-EF3C-48A8-A2DF-AD3EB0FEDA94}.Debug|x86.ActiveCfg = Debug|Any CPU
		{2F6008CF-EF3C-48A8-A2DF-AD3EB0FEDA94}.Debug|x86.Build.0 = Debug|Any CPU
		{2F6008CF-EF3C-48A8-A2DF-AD3EB0FEDA94}.Release|Any CPU.ActiveCfg = Release|Any CPU
		{2F6008CF-EF3C-48A8-A2DF-AD3EB0FEDA94}.Release|Any CPU.Build.0 = Release|Any CPU
		{2F6008CF-EF3C-48A8-A2DF-AD3EB0FEDA94}.Release|ARM.ActiveCfg = Release|Any CPU
		{2F6008CF-EF3C-48A8-A2DF-AD3EB0FEDA94}.Release|ARM.Build.0 = Release|Any CPU
		{2F6008CF-EF3C-48A8-A2DF-AD3EB0FEDA94}.Release|iPhone.ActiveCfg = Release|Any CPU
		{2F6008CF-EF3C-48A8-A2DF-AD3EB0FEDA94}.Release|iPhone.Build.0 = Release|Any CPU
		{2F6008CF-EF3C-48A8-A2DF-AD3EB0FEDA94}.Release|iPhoneSimulator.ActiveCfg = Release|Any CPU
		{2F6008CF-EF3C-48A8-A2DF-AD3EB0FEDA94}.Release|iPhoneSimulator.Build.0 = Release|Any CPU
		{2F6008CF-EF3C-48A8-A2DF-AD3EB0FEDA94}.Release|x64.ActiveCfg = Release|Any CPU
		{2F6008CF-EF3C-48A8-A2DF-AD3EB0FEDA94}.Release|x64.Build.0 = Release|Any CPU
		{2F6008CF-EF3C-48A8-A2DF-AD3EB0FEDA94}.Release|x86.ActiveCfg = Release|Any CPU
		{2F6008CF-EF3C-48A8-A2DF-AD3EB0FEDA94}.Release|x86.Build.0 = Release|Any CPU
	EndGlobalSection
	GlobalSection(SolutionProperties) = preSolution
		HideSolutionNode = FALSE
	EndGlobalSection
	GlobalSection(ExtensibilityGlobals) = postSolution
		SolutionGuid = {969EF8B6-7B2D-4422-AF67-C9015F7F27AA}
	EndGlobalSection
EndGlobal
